
Microsoft Visual Studio Solution File, Format Version 12.00
# Visual Studio 15
VisualStudioVersion = 15.0.26124.0
MinimumVisualStudioVersion = 15.0.26124.0
Project("{FAE04EC0-301F-11D3-BF4B-00C04F79EFBC}") = "AkkaChatClient", "AkkaChatClient\AkkaChatClient.csproj", "{73BBC380-E13F-4549-9D9C-0DC54ADA0766}"
EndProject
Project("{FAE04EC0-301F-11D3-BF4B-00C04F79EFBC}") = "AkkaChatServer", "AkkaChatServer\AkkaChatServer.csproj", "{C29B1509-7072-417A-B700-4F9DF4EBD7B4}"
EndProject
Project("{FAE04EC0-301F-11D3-BF4B-00C04F79EFBC}") = "AkkaChatMessages", "AkkaChatMessages\AkkaChatMessages.csproj", "{CC73DEE8-A34C-4C15-AB5D-C3007020E6C9}"
EndProject
Global
	GlobalSection(SolutionConfigurationPlatforms) = preSolution
		Debug|Any CPU = Debug|Any CPU
		Debug|x64 = Debug|x64
		Debug|x86 = Debug|x86
		Release|Any CPU = Release|Any CPU
		Release|x64 = Release|x64
		Release|x86 = Release|x86
	EndGlobalSection
	GlobalSection(SolutionProperties) = preSolution
		HideSolutionNode = FALSE
	EndGlobalSection
	GlobalSection(ProjectConfigurationPlatforms) = postSolution
		{73BBC380-E13F-4549-9D9C-0DC54ADA0766}.Debug|Any CPU.ActiveCfg = Debug|Any CPU
		{73BBC380-E13F-4549-9D9C-0DC54ADA0766}.Debug|Any CPU.Build.0 = Debug|Any CPU
		{73BBC380-E13F-4549-9D9C-0DC54ADA0766}.Debug|x64.ActiveCfg = Debug|x64
		{73BBC380-E13F-4549-9D9C-0DC54ADA0766}.Debug|x64.Build.0 = Debug|x64
		{73BBC380-E13F-4549-9D9C-0DC54ADA0766}.Debug|x86.ActiveCfg = Debug|x86
		{73BBC380-E13F-4549-9D9C-0DC54ADA0766}.Debug|x86.Build.0 = Debug|x86
		{73BBC380-E13F-4549-9D9C-0DC54ADA0766}.Release|Any CPU.ActiveCfg = Release|Any CPU
		{73BBC380-E13F-4549-9D9C-0DC54ADA0766}.Release|Any CPU.Build.0 = Release|Any CPU
		{73BBC380-E13F-4549-9D9C-0DC54ADA0766}.Release|x64.ActiveCfg = Release|x64
		{73BBC380-E13F-4549-9D9C-0DC54ADA0766}.Release|x64.Build.0 = Release|x64
		{73BBC380-E13F-4549-9D9C-0DC54ADA0766}.Release|x86.ActiveCfg = Release|x86
		{73BBC380-E13F-4549-9D9C-0DC54ADA0766}.Release|x86.Build.0 = Release|x86
		{C29B1509-7072-417A-B700-4F9DF4EBD7B4}.Debug|Any CPU.ActiveCfg = Debug|Any CPU
		{C29B1509-7072-417A-B700-4F9DF4EBD7B4}.Debug|Any CPU.Build.0 = Debug|Any CPU
		{C29B1509-7072-417A-B700-4F9DF4EBD7B4}.Debug|x64.ActiveCfg = Debug|x64
		{C29B1509-7072-417A-B700-4F9DF4EBD7B4}.Debug|x64.Build.0 = Debug|x64
		{C29B1509-7072-417A-B700-4F9DF4EBD7B4}.Debug|x86.ActiveCfg = Debug|x86
		{C29B1509-7072-417A-B700-4F9DF4EBD7B4}.Debug|x86.Build.0 = Debug|x86
		{C29B1509-7072-417A-B700-4F9DF4EBD7B4}.Release|Any CPU.ActiveCfg = Release|Any CPU
		{C29B1509-7072-417A-B700-4F9DF4EBD7B4}.Release|Any CPU.Build.0 = Release|Any CPU
		{C29B1509-7072-417A-B700-4F9DF4EBD7B4}.Release|x64.ActiveCfg = Release|x64
		{C29B1509-7072-417A-B700-4F9DF4EBD7B4}.Release|x64.Build.0 = Release|x64
		{C29B1509-7072-417A-B700-4F9DF4EBD7B4}.Release|x86.ActiveCfg = Release|x86
		{C29B1509-7072-417A-B700-4F9DF4EBD7B4}.Release|x86.Build.0 = Release|x86
		{CC73DEE8-A34C-4C15-AB5D-C3007020E6C9}.Debug|Any CPU.ActiveCfg = Debug|Any CPU
		{CC73DEE8-A34C-4C15-AB5D-C3007020E6C9}.Debug|Any CPU.Build.0 = Debug|Any CPU
		{CC73DEE8-A34C-4C15-AB5D-C3007020E6C9}.Debug|x64.ActiveCfg = Debug|x64
		{CC73DEE8-A34C-4C15-AB5D-C3007020E6C9}.Debug|x64.Build.0 = Debug|x64
		{CC73DEE8-A34C-4C15-AB5D-C3007020E6C9}.Debug|x86.ActiveCfg = Debug|x86
		{CC73DEE8-A34C-4C15-AB5D-C3007020E6C9}.Debug|x86.Build.0 = Debug|x86
		{CC73DEE8-A34C-4C15-AB5D-C3007020E6C9}.Release|Any CPU.ActiveCfg = Release|Any CPU
		{CC73DEE8-A34C-4C15-AB5D-C3007020E6C9}.Release|Any CPU.Build.0 = Release|Any CPU
		{CC73DEE8-A34C-4C15-AB5D-C3007020E6C9}.Release|x64.ActiveCfg = Release|x64
		{CC73DEE8-A34C-4C15-AB5D-C3007020E6C9}.Release|x64.Build.0 = Release|x64
		{CC73DEE8-A34C-4C15-AB5D-C3007020E6C9}.Release|x86.ActiveCfg = Release|x86
		{CC73DEE8-A34C-4C15-AB5D-C3007020E6C9}.Release|x86.Build.0 = Release|x86
	EndGlobalSection
EndGlobal
